
Microsoft Visual Studio Solution File, Format Version 12.00
# Visual Studio Version 17
VisualStudioVersion = 17.13.35931.197 d17.13
MinimumVisualStudioVersion = 10.0.40219.1
Project("{FAE04EC0-301F-11D3-BF4B-00C04F79EFBC}") = "GuessNumberGame", "GuessNumberGame.csproj", "{B4ABA931-1757-4DBE-9678-0EFE14D945E2}"
EndProject
Global
	GlobalSection(SolutionConfigurationPlatforms) = preSolution
		Debug|Any CPU = Debug|Any CPU
		Release|Any CPU = Release|Any CPU
	EndGlobalSection
	GlobalSection(ProjectConfigurationPlatforms) = postSolution
		{B4ABA931-1757-4DBE-9678-0EFE14D945E2}.Debug|Any CPU.ActiveCfg = Debug|Any CPU
		{B4ABA931-1757-4DBE-9678-0EFE14D945E2}.Debug|Any CPU.Build.0 = Debug|Any CPU
		{B4ABA931-1757-4DBE-9678-0EFE14D945E2}.Release|Any CPU.ActiveCfg = Release|Any CPU
		{B4ABA931-1757-4DBE-9678-0EFE14D945E2}.Release|Any CPU.Build.0 = Release|Any CPU
	EndGlobalSection
	GlobalSection(SolutionProperties) = preSolution
		HideSolutionNode = FALSE
	EndGlobalSection
	GlobalSection(ExtensibilityGlobals) = postSolution
		SolutionGuid = {1973AB1F-8F7E-4B8E-BA8D-80CAB491A797}
	EndGlobalSection
EndGlobal
